
Microsoft Visual Studio Solution File, Format Version 12.00
# Visual Studio Version 16
VisualStudioVersion = 16.0.29905.134
MinimumVisualStudioVersion = 10.0.40219.1
Project("{FAE04EC0-301F-11D3-BF4B-00C04F79EFBC}") = "Back_Propagation_Implementaion", "Back_Propagation_Implementaion.csproj", "{B5AD97BA-ACDF-456A-A532-30CE083D3C7D}"
EndProject
Project("{FAE04EC0-301F-11D3-BF4B-00C04F79EFBC}") = "Impelement_AndORNot_ANN", "..\Impelement_AndORNot_ANN\Impelement_AndORNot_ANN.csproj", "{F7B643CD-7D13-4015-BFCA-C2AF36952FC5}"
EndProject
Global
	GlobalSection(SolutionConfigurationPlatforms) = preSolution
		Debug|Any CPU = Debug|Any CPU
		Release|Any CPU = Release|Any CPU
	EndGlobalSection
	GlobalSection(ProjectConfigurationPlatforms) = postSolution
		{B5AD97BA-ACDF-456A-A532-30CE083D3C7D}.Debug|Any CPU.ActiveCfg = Debug|Any CPU
		{B5AD97BA-ACDF-456A-A532-30CE083D3C7D}.Debug|Any CPU.Build.0 = Debug|Any CPU
		{B5AD97BA-ACDF-456A-A532-30CE083D3C7D}.Release|Any CPU.ActiveCfg = Release|Any CPU
		{B5AD97BA-ACDF-456A-A532-30CE083D3C7D}.Release|Any CPU.Build.0 = Release|Any CPU
		{F7B643CD-7D13-4015-BFCA-C2AF36952FC5}.Debug|Any CPU.ActiveCfg = Debug|Any CPU
		{F7B643CD-7D13-4015-BFCA-C2AF36952FC5}.Debug|Any CPU.Build.0 = Debug|Any CPU
		{F7B643CD-7D13-4015-BFCA-C2AF36952FC5}.Release|Any CPU.ActiveCfg = Release|Any CPU
		{F7B643CD-7D13-4015-BFCA-C2AF36952FC5}.Release|Any CPU.Build.0 = Release|Any CPU
	EndGlobalSection
	GlobalSection(SolutionProperties) = preSolution
		HideSolutionNode = FALSE
	EndGlobalSection
	GlobalSection(ExtensibilityGlobals) = postSolution
		SolutionGuid = {0B8C0DCC-32E7-45AA-93D0-197276AAAC28}
	EndGlobalSection
EndGlobal
